{
  "name": "fitnesser",
  "lockfileVersion": 3,
  "requires": true,
  "packages": {
    "": {
      "devDependencies": {
        "@types/telegram-web-app": "^7.10.1"
      }
    },
    "node_modules/@types/telegram-web-app": {
      "version": "7.10.1",
      "resolved": "https://registry.npmjs.org/@types/telegram-web-app/-/telegram-web-app-7.10.1.tgz",
      "integrity": "sha512-GKL659G6lnHRAt3Dt7L1Fa0dwvc+ZZQtJcYrJVJGwjvsbi/Rcp1qKs9pFwb34/KC04+J+TlQj4D7yKo10sBSEw==",
      "dev": true,
      "license": "MIT"
    }
  }
}
